
Microsoft Visual Studio Solution File, Format Version 12.00
# Visual Studio Version 17
VisualStudioVersion = 17.3.32825.248
MinimumVisualStudioVersion = 10.0.40219.1
Project("{FAE04EC0-301F-11D3-BF4B-00C04F79EFBC}") = "WinFormsUDPnotThread", "WinFormsUDPnotThread\WinFormsUDPnotThread.csproj", "{036652C3-EC92-461B-9406-FA2CC0C8CC1B}"
EndProject
Global
	GlobalSection(SolutionConfigurationPlatforms) = preSolution
		Debug|Any CPU = Debug|Any CPU
		Release|Any CPU = Release|Any CPU
	EndGlobalSection
	GlobalSection(ProjectConfigurationPlatforms) = postSolution
		{036652C3-EC92-461B-9406-FA2CC0C8CC1B}.Debug|Any CPU.ActiveCfg = Debug|Any CPU
		{036652C3-EC92-461B-9406-FA2CC0C8CC1B}.Debug|Any CPU.Build.0 = Debug|Any CPU
		{036652C3-EC92-461B-9406-FA2CC0C8CC1B}.Release|Any CPU.ActiveCfg = Release|Any CPU
		{036652C3-EC92-461B-9406-FA2CC0C8CC1B}.Release|Any CPU.Build.0 = Release|Any CPU
	EndGlobalSection
	GlobalSection(SolutionProperties) = preSolution
		HideSolutionNode = FALSE
	EndGlobalSection
	GlobalSection(ExtensibilityGlobals) = postSolution
		SolutionGuid = {BB733981-ADF8-463A-ACC7-442A5C087464}
	EndGlobalSection
EndGlobal
